{
  "version": 4,
  "terraform_version": "1.4.5",
  "serial": 6,
  "lineage": "17786104-98c7-e217-4bc6-c9273a13baf8",
  "outputs": {
    "jenkins_ip": {
      "value": "JENKINS_IP",
      "type": "string"
    }
  },
  "resources": [
    {
      "mode": "data",
      "type": "digitalocean_ssh_key",
      "name": "ssh_key",
      "provider": "provider[\"registry.terraform.io/digitalocean/digitalocean\"]",
      "instances": [
        {
          "schema_version": 0,
          "attributes": {
            "fingerprint": "0f:2b:2b:67:3b:e0:1e:03:35:fc:e7:f7:c5:8b:7b:62",
            "id": 38029329,
            "name": "terraform-ssh-key",
            "public_key": "ssh-rsa PUBLIC_SSH_KEY"
          },
          "sensitive_attributes": []
        }
      ]
    },
    {
      "mode": "managed",
      "type": "digitalocean_droplet",
      "name": "jenkins",
      "provider": "provider[\"registry.terraform.io/digitalocean/digitalocean\"]",
      "instances": [
        {
          "schema_version": 1,
          "attributes": {
            "backups": false,
            "created_at": "2023-04-13T12:09:50Z",
            "disk": 60,
            "droplet_agent": null,
            "graceful_shutdown": false,
            "id": "350500340",
            "image": "ubuntu-22-04-x64",
            "ipv4_address": "IPV4_ADDRESS",
            "ipv4_address_private": "IPV4_ADDRESS_PRIVATE",
            "ipv6": false,
            "ipv6_address": "",
            "locked": false,
            "memory": 2048,
            "monitoring": false,
            "name": "jenkins",
            "price_hourly": 0.02679,
            "price_monthly": 18,
            "private_networking": true,
            "region": "nyc1",
            "resize_disk": true,
            "size": "s-2vcpu-2gb",
            "ssh_keys": [
              "38029329"
            ],
            "status": "active",
            "tags": [],
            "timeouts": null,
            "urn": "do:droplet:350500340",
            "user_data": null,
            "vcpus": 2,
            "volume_ids": [],
            "vpc_uuid": "188c3d4e-3f17-417f-9e9b-e193943b421c"
          },
          "sensitive_attributes": [],
          "private": "eyJlMmJmYjczMC1lY2FhLTExZTYtOGY4OC0zNDM2M2JjN2M0YzAiOnsiY3JlYXRlIjozNjAwMDAwMDAwMDAwLCJkZWxldGUiOjYwMDAwMDAwMDAwLCJ1cGRhdGUiOjM2MDAwMDAwMDAwMDB9LCJzY2hlbWFfdmVyc2lvbiI6IjEifQ==",
          "dependencies": [
            "data.digitalocean_ssh_key.ssh_key"
          ]
        }
      ]
    },
    {
      "mode": "managed",
      "type": "digitalocean_kubernetes_cluster",
      "name": "k8s",
      "provider": "provider[\"registry.terraform.io/digitalocean/digitalocean\"]",
      "instances": [
        {
          "schema_version": 3,
          "attributes": {
            "auto_upgrade": false,
            "cluster_subnet": "10.244.0.0/16",
            "created_at": "2023-04-13 12:11:41 +0000 UTC",
            "endpoint": "https://f9a27e46-44ea-4835-91dd-ae6f06ab1400.k8s.ondigitalocean.com",
            "ha": false,
            "id": "f9a27e46-44ea-4835-91dd-ae6f06ab1400",
            "ipv4_address": "",
            "kube_config": [
              {
                "client_certificate": "",
                "client_key": "",
                "cluster_ca_certificate": "CLUSTER_CA_CERTIFICATE",
                "expires_at": "2023-04-20T12:16:49Z",
                "host": "https://f9a27e46-44ea-4835-91dd-ae6f06ab1400.k8s.ondigitalocean.com",
                "raw_config": "apiVersion: v1\nkind: Config\nclusters:\n- cluster:\n    certificate-authority-data: LS0tLS1CRUdJTiBDRVJUSUZJQ0FURS0tLS0tCk1JSURKekNDQWcrZ0F3SUJBZ0lDQm5Vd0RRWUpLb1pJaHZjTkFRRUxCUUF3TXpFVk1CTUdBMVVFQ2hNTVJHbG4KYVhSaGJFOWpaV0Z1TVJvd0dBWURWUVFERXhGck9ITmhZWE1nUTJ4MWMzUmxjaUJEUVRBZUZ3MHlNekEwTVRNeApNakV4TlRKYUZ3MDBNekEwTVRNeE1qRXhOVEphTURNeEZUQVRCZ05WQkFvVERFUnBaMmwwWVd4UFkyVmhiakVhCk1CZ0dBMVVFQXhNUmF6aHpZV0Z6SUVOc2RYTjBaWElnUTBFd2dnRWlNQTBHQ1NxR1NJYjNEUUVCQVFVQUE0SUIKRHdBd2dnRUtBb0lCQVFDNnhqa0lhbnMzeWc5K1V2cHpUajh6M1U0RU5DZzhtMlR0R0F2MDlhNmZzOXFnY1pIZwowL3JBSmU4T3h1V255SUttcnRWNFpPUFJobVBpaWVpZk9PTUxGWFJaT0RFMStFc3RzNUloMnd1d0pWellIeTFXCkxpRnF2R2tNalkyckkwWW9MblM1RUpBZVF2azZMMzhOalN5RENsVlRqRHl6elpWTG9SQlVRY2I2Z3FuVlgvWHUKWnpHZnpib0FiK3BQSE1QTnd0UkphT0k0ZUVFUFFJREQzVnJuNEVEKzhyM1ZRL0dhY3pkTlBHdjN5SU5Ua2pyYQpINzNPdTE3Q0FvdFJsNlI3RWlpSVM5ekp3YU5yelRic2g2Nm9LdWRSZ1lIV0VwcnR5anBROWt6Kzl3WWR5T3M4Cmt6bnpVajhaSDIzM1gyb2tBNzlSTy94VUwvTDM2K3c4dlp6M0FnTUJBQUdqUlRCRE1BNEdBMVVkRHdFQi93UUUKQXdJQmhqQVNCZ05WSFJNQkFmOEVDREFHQVFIL0FnRUFNQjBHQTFVZERnUVdCQlRXN0VtekpLcXlKcTc5VTZuOApVV1BIWUhZcmxqQU5CZ2txaGtpRzl3MEJBUXNGQUFPQ0FRRUFXdUlDc09KelZHMk9nVDNiWlkvVzYxUnRrRGhOCnNzbXp4M0pxZC9RWU1YOTJsb0ZyNzJCbTFMMlB4UVRxTVF0SkZjSWR3YWU5dk9LY2dnNGlRcDh5aUF0K0NKNTQKQ2psbXF2VTdCRFBrL0RFK3ZwbG9HSHZqNUNudU9FZjY2azlyMlUyRFZsMTNUMW1FNFlUSTJvSUk4MkM5MisreQpKYnNZSUJiYUpPVmIyTHdtbG9XZDNKUXdSM1F6Q1dBV2dzNjFrM1BjODIzSlkrbnIxM050RmNOOHZBWEtBU1Q3Cnd2aE5sK3laZHFWZGJpcGdjTENMTm0yZTV2UkJ0enVJMVdCYUJQR0RoZlVXN1hZZG1oai82dWh3MWhESXVPSGwKNFJ5RTZzN0c0U3VFMEM0VVEzckJ6eGNiZkJVVml2YnQ4YVdtY0NmZURtYnJQdThvVmxwUmQ3OTNoUT09Ci0tLS0tRU5EIENFUlRJRklDQVRFLS0tLS0K\n    server: https://f9a27e46-44ea-4835-91dd-ae6f06ab1400.k8s.ondigitalocean.com\n  name: do-nyc1-k8s\ncontexts:\n- context:\n    cluster: do-nyc1-k8s\n    user: do-nyc1-k8s-admin\n  name: do-nyc1-k8s\ncurrent-context: do-nyc1-k8s\nusers:\n- name: do-nyc1-k8s-admin\n  user:\n    token: dop_v1_8f98ed7c27b7d3e0971121b6321885d89a1fdea358264250ca24ccbeeb16d098\n",
                "token": "DOP_TOKEN"
              }
            ],
            "maintenance_policy": [
              {
                "day": "any",
                "duration": "4h0m0s",
                "start_time": "8:00"
              }
            ],
            "name": "k8s",
            "node_pool": [
              {
                "actual_node_count": 3,
                "auto_scale": false,
                "id": "81f0274a-d1b5-4080-8122-09633d3e01c4",
                "labels": null,
                "max_nodes": 0,
                "min_nodes": 0,
                "name": "default",
                "node_count": 3,
                "nodes": [
                  {
                    "created_at": "2023-04-13 12:11:41 +0000 UTC",
                    "droplet_id": "350501210",
                    "id": "1221009a-654d-434f-93c7-1bb4ba46f847",
                    "name": "default-qz9ai",
                    "status": "running",
                    "updated_at": "2023-04-13 12:13:12 +0000 UTC"
                  },
                  {
                    "created_at": "2023-04-13 12:11:41 +0000 UTC",
                    "droplet_id": "350501209",
                    "id": "b1520f86-d4f8-4eb5-ad43-da5b7f9ffcb1",
                    "name": "default-qz9av",
                    "status": "running",
                    "updated_at": "2023-04-13 12:13:12 +0000 UTC"
                  },
                  {
                    "created_at": "2023-04-13 12:11:41 +0000 UTC",
                    "droplet_id": "350501211",
                    "id": "1bf0f744-99f7-47a5-8d92-3c871daefac7",
                    "name": "default-qz9ad",
                    "status": "running",
                    "updated_at": "2023-04-13 12:13:12 +0000 UTC"
                  }
                ],
                "size": "s-2vcpu-2gb",
                "tags": null,
                "taint": []
              }
            ],
            "region": "nyc1",
            "service_subnet": "10.245.0.0/16",
            "status": "running",
            "surge_upgrade": true,
            "tags": null,
            "timeouts": null,
            "updated_at": "2023-04-13 12:16:37 +0000 UTC",
            "urn": "do:kubernetes:f9a27e46-44ea-4835-91dd-ae6f06ab1400",
            "version": "1.26.3-do.0",
            "vpc_uuid": "188c3d4e-3f17-417f-9e9b-e193943b421c"
          },
          "sensitive_attributes": [],
          "private": "SENSITIVE_ATTIBUTES"
        }
      ]
    },
    {
      "mode": "managed",
      "type": "local_file",
      "name": "kube_config",
      "provider": "provider[\"registry.terraform.io/hashicorp/local\"]",
      "instances": [
        {
          "schema_version": 0,
          "attributes": {
            "content": "apiVersion: v1\nkind: Config\nclusters:\n- cluster:\n    certificate-authority-data: LS0tLS1CRUdJTiBDRVJUSUZJQ0FURS0tLS0tCk1JSURKekNDQWcrZ0F3SUJBZ0lDQm5Vd0RRWUpLb1pJaHZjTkFRRUxCUUF3TXpFVk1CTUdBMVVFQ2hNTVJHbG4KYVhSaGJFOWpaV0Z1TVJvd0dBWURWUVFERXhGck9ITmhZWE1nUTJ4MWMzUmxjaUJEUVRBZUZ3MHlNekEwTVRNeApNakV4TlRKYUZ3MDBNekEwTVRNeE1qRXhOVEphTURNeEZUQVRCZ05WQkFvVERFUnBaMmwwWVd4UFkyVmhiakVhCk1CZ0dBMVVFQXhNUmF6aHpZV0Z6SUVOc2RYTjBaWElnUTBFd2dnRWlNQTBHQ1NxR1NJYjNEUUVCQVFVQUE0SUIKRHdBd2dnRUtBb0lCQVFDNnhqa0lhbnMzeWc5K1V2cHpUajh6M1U0RU5DZzhtMlR0R0F2MDlhNmZzOXFnY1pIZwowL3JBSmU4T3h1V255SUttcnRWNFpPUFJobVBpaWVpZk9PTUxGWFJaT0RFMStFc3RzNUloMnd1d0pWellIeTFXCkxpRnF2R2tNalkyckkwWW9MblM1RUpBZVF2azZMMzhOalN5RENsVlRqRHl6elpWTG9SQlVRY2I2Z3FuVlgvWHUKWnpHZnpib0FiK3BQSE1QTnd0UkphT0k0ZUVFUFFJREQzVnJuNEVEKzhyM1ZRL0dhY3pkTlBHdjN5SU5Ua2pyYQpINzNPdTE3Q0FvdFJsNlI3RWlpSVM5ekp3YU5yelRic2g2Nm9LdWRSZ1lIV0VwcnR5anBROWt6Kzl3WWR5T3M4Cmt6bnpVajhaSDIzM1gyb2tBNzlSTy94VUwvTDM2K3c4dlp6M0FnTUJBQUdqUlRCRE1BNEdBMVVkRHdFQi93UUUKQXdJQmhqQVNCZ05WSFJNQkFmOEVDREFHQVFIL0FnRUFNQjBHQTFVZERnUVdCQlRXN0VtekpLcXlKcTc5VTZuOApVV1BIWUhZcmxqQU5CZ2txaGtpRzl3MEJBUXNGQUFPQ0FRRUFXdUlDc09KelZHMk9nVDNiWlkvVzYxUnRrRGhOCnNzbXp4M0pxZC9RWU1YOTJsb0ZyNzJCbTFMMlB4UVRxTVF0SkZjSWR3YWU5dk9LY2dnNGlRcDh5aUF0K0NKNTQKQ2psbXF2VTdCRFBrL0RFK3ZwbG9HSHZqNUNudU9FZjY2azlyMlUyRFZsMTNUMW1FNFlUSTJvSUk4MkM5MisreQpKYnNZSUJiYUpPVmIyTHdtbG9XZDNKUXdSM1F6Q1dBV2dzNjFrM1BjODIzSlkrbnIxM050RmNOOHZBWEtBU1Q3Cnd2aE5sK3laZHFWZGJpcGdjTENMTm0yZTV2UkJ0enVJMVdCYUJQR0RoZlVXN1hZZG1oai82dWh3MWhESXVPSGwKNFJ5RTZzN0c0U3VFMEM0VVEzckJ6eGNiZkJVVml2YnQ4YVdtY0NmZURtYnJQdThvVmxwUmQ3OTNoUT09Ci0tLS0tRU5EIENFUlRJRklDQVRFLS0tLS0K\n    server: https://f9a27e46-44ea-4835-91dd-ae6f06ab1400.k8s.ondigitalocean.com\n  name: do-nyc1-k8s\ncontexts:\n- context:\n    cluster: do-nyc1-k8s\n    user: do-nyc1-k8s-admin\n  name: do-nyc1-k8s\ncurrent-context: do-nyc1-k8s\nusers:\n- name: do-nyc1-k8s-admin\n  user:\n    token: dop_v1_8f98ed7c27b7d3e0971121b6321885d89a1fdea358264250ca24ccbeeb16d098\n",
            "content_base64": null,
            "content_base64sha256": "CONTENT_BASE64SHA_256",
            "content_base64sha512": "CONTENT_BASE64SHA_512",
            "content_md5": "CONTENT",
            "content_sha1": "CONTENT",
            "content_sha256": "CONTENT",
            "content_sha512": "CONTENT",
            "directory_permission": "0777",
            "file_permission": "0777",
            "filename": "kube_config.yaml",
            "id": "1c542e6bec976d0cf4c9e94f9b701310bacfe87b",
            "sensitive_content": null,
            "source": null
          },
          "sensitive_attributes": [
            [
              {
                "type": "get_attr",
                "value": "content"
              }
            ]
          ],
          "dependencies": [
            "digitalocean_kubernetes_cluster.k8s"
          ]
        }
      ]
    }
  ],
  "check_results": null
}
